// !$*UTF8*$!
{
	archiveVersion = 1;
	classes = {
	};
	objectVersion = 50;
	objects = {

/* Begin PBXBuildFile section */
		3C40527C262777940088DCBE /* Walkthrough.swift in Sources */ = {isa = PBXBuildFile; fileRef = 3C40527B262777940088DCBE /* Walkthrough.swift */; };
		3C52090C2626615B0058F77A /* Hint.swift in Sources */ = {isa = PBXBuildFile; fileRef = 3C52090B2626615B0058F77A /* Hint.swift */; };
		3C7998602628AA6A0046B923 /* AngleWalkthrough.swift in Sources */ = {isa = PBXBuildFile; fileRef = 3C79985F2628AA6A0046B923 /* AngleWalkthrough.swift */; };
		3C9A2D0E262540EE00D920A0 /* Sliders.swift in Sources */ = {isa = PBXBuildFile; fileRef = 3C9A2D0D262540EE00D920A0 /* Sliders.swift */; };
		3CA21EF92629146000664CFD /* InfoCard.swift in Sources */ = {isa = PBXBuildFile; fileRef = 3CA21EF82629146000664CFD /* InfoCard.swift */; };
		3CB18F5A262A60B100670BEF /* Utilities.swift in Sources */ = {isa = PBXBuildFile; fileRef = 3CB18F59262A60B100670BEF /* Utilities.swift */; };
		3CB18F5D262A637F00670BEF /* Node.swift in Sources */ = {isa = PBXBuildFile; fileRef = 3CB18F5C262A637F00670BEF /* Node.swift */; };
		3CF6721726249B6100AA5470 /* AppDelegate.swift in Sources */ = {isa = PBXBuildFile; fileRef = 3CF6721626249B6100AA5470 /* AppDelegate.swift */; };
		3CF6721926249B6100AA5470 /* SceneDelegate.swift in Sources */ = {isa = PBXBuildFile; fileRef = 3CF6721826249B6100AA5470 /* SceneDelegate.swift */; };
		3CF6721B26249B6100AA5470 /* ViewController.swift in Sources */ = {isa = PBXBuildFile; fileRef = 3CF6721A26249B6100AA5470 /* ViewController.swift */; };
		3CF6721E26249B6100AA5470 /* Main.storyboard in Resources */ = {isa = PBXBuildFile; fileRef = 3CF6721C26249B6100AA5470 /* Main.storyboard */; };
		3CF6722026249B6300AA5470 /* Assets.xcassets in Resources */ = {isa = PBXBuildFile; fileRef = 3CF6721F26249B6300AA5470 /* Assets.xcassets */; };
		3CF6722326249B6300AA5470 /* LaunchScreen.storyboard in Resources */ = {isa = PBXBuildFile; fileRef = 3CF6722126249B6300AA5470 /* LaunchScreen.storyboard */; };
/* End PBXBuildFile section */

/* Begin PBXFileReference section */
		3C40527B262777940088DCBE /* Walkthrough.swift */ = {isa = PBXFileReference; lastKnownFileType = sourcecode.swift; path = Walkthrough.swift; sourceTree = "<group>"; };
		3C52090B2626615B0058F77A /* Hint.swift */ = {isa = PBXFileReference; lastKnownFileType = sourcecode.swift; path = Hint.swift; sourceTree = "<group>"; };
		3C79985F2628AA6A0046B923 /* AngleWalkthrough.swift */ = {isa = PBXFileReference; lastKnownFileType = sourcecode.swift; path = AngleWalkthrough.swift; sourceTree = "<group>"; };
		3C9A2D0D262540EE00D920A0 /* Sliders.swift */ = {isa = PBXFileReference; lastKnownFileType = sourcecode.swift; path = Sliders.swift; sourceTree = "<group>"; };
		3CA21EF82629146000664CFD /* InfoCard.swift */ = {isa = PBXFileReference; lastKnownFileType = sourcecode.swift; path = InfoCard.swift; sourceTree = "<group>"; };
		3CB18F59262A60B100670BEF /* Utilities.swift */ = {isa = PBXFileReference; lastKnownFileType = sourcecode.swift; path = Utilities.swift; sourceTree = "<group>"; };
		3CB18F5C262A637F00670BEF /* Node.swift */ = {isa = PBXFileReference; lastKnownFileType = sourcecode.swift; path = Node.swift; sourceTree = "<group>"; };
		3CF6721326249B6100AA5470 /* SceneKitViewTesting.app */ = {isa = PBXFileReference; explicitFileType = wrapper.application; includeInIndex = 0; path = SceneKitViewTesting.app; sourceTree = BUILT_PRODUCTS_DIR; };
		3CF6721626249B6100AA5470 /* AppDelegate.swift */ = {isa = PBXFileReference; lastKnownFileType = sourcecode.swift; path = AppDelegate.swift; sourceTree = "<group>"; };
		3CF6721826249B6100AA5470 /* SceneDelegate.swift */ = {isa = PBXFileReference; lastKnownFileType = sourcecode.swift; path = SceneDelegate.swift; sourceTree = "<group>"; };
		3CF6721A26249B6100AA5470 /* ViewController.swift */ = {isa = PBXFileReference; lastKnownFileType = sourcecode.swift; path = ViewController.swift; sourceTree = "<group>"; };
		3CF6721D26249B6100AA5470 /* Base */ = {isa = PBXFileReference; lastKnownFileType = file.storyboard; name = Base; path = Base.lproj/Main.storyboard; sourceTree = "<group>"; };
		3CF6721F26249B6300AA5470 /* Assets.xcassets */ = {isa = PBXFileReference; lastKnownFileType = folder.assetcatalog; path = Assets.xcassets; sourceTree = "<group>"; };
		3CF6722226249B6300AA5470 /* Base */ = {isa = PBXFileReference; lastKnownFileType = file.storyboard; name = Base; path = Base.lproj/LaunchScreen.storyboard; sourceTree = "<group>"; };
		3CF6722426249B6300AA5470 /* Info.plist */ = {isa = PBXFileReference; lastKnownFileType = text.plist.xml; path = Info.plist; sourceTree = "<group>"; };
/* End PBXFileReference section */

/* Begin PBXFrameworksBuildPhase section */
		3CF6721026249B6100AA5470 /* Frameworks */ = {
			isa = PBXFrameworksBuildPhase;
			buildActionMask = 2147483647;
			files = (
			);
			runOnlyForDeploymentPostprocessing = 0;
		};
/* End PBXFrameworksBuildPhase section */

/* Begin PBXGroup section */
		3CF6720A26249B6100AA5470 = {
			isa = PBXGroup;
			children = (
				3CF6721526249B6100AA5470 /* SceneKitViewTesting */,
				3CF6721426249B6100AA5470 /* Products */,
			);
			sourceTree = "<group>";
		};
		3CF6721426249B6100AA5470 /* Products */ = {
			isa = PBXGroup;
			children = (
				3CF6721326249B6100AA5470 /* SceneKitViewTesting.app */,
			);
			name = Products;
			sourceTree = "<group>";
		};
		3CF6721526249B6100AA5470 /* SceneKitViewTesting */ = {
			isa = PBXGroup;
			children = (
				3CF6721626249B6100AA5470 /* AppDelegate.swift */,
				3CF6721826249B6100AA5470 /* SceneDelegate.swift */,
				3CF6721A26249B6100AA5470 /* ViewController.swift */,
				3CB18F5C262A637F00670BEF /* Node.swift */,
				3CB18F59262A60B100670BEF /* Utilities.swift */,
				3C9A2D0D262540EE00D920A0 /* Sliders.swift */,
				3CA21EF82629146000664CFD /* InfoCard.swift */,
				3C40527B262777940088DCBE /* Walkthrough.swift */,
				3C79985F2628AA6A0046B923 /* AngleWalkthrough.swift */,
				3C52090B2626615B0058F77A /* Hint.swift */,
				3CF6721C26249B6100AA5470 /* Main.storyboard */,
				3CF6721F26249B6300AA5470 /* Assets.xcassets */,
				3CF6722126249B6300AA5470 /* LaunchScreen.storyboard */,
				3CF6722426249B6300AA5470 /* Info.plist */,
			);
			path = SceneKitViewTesting;
			sourceTree = "<group>";
		};
/* End PBXGroup section */

/* Begin PBXNativeTarget section */
		3CF6721226249B6100AA5470 /* SceneKitViewTesting */ = {
			isa = PBXNativeTarget;
			buildConfigurationList = 3CF6722726249B6300AA5470 /* Build configuration list for PBXNativeTarget "SceneKitViewTesting" */;
			buildPhases = (
				3CF6720F26249B6100AA5470 /* Sources */,
				3CF6721026249B6100AA5470 /* Frameworks */,
				3CF6721126249B6100AA5470 /* Resources */,
			);
			buildRules = (
			);
			dependencies = (
			);
			name = SceneKitViewTesting;
			productName = SceneKitViewTesting;
			productReference = 3CF6721326249B6100AA5470 /* SceneKitViewTesting.app */;
			productType = "com.apple.product-type.application";
		};
/* End PBXNativeTarget section */

/* Begin PBXProject section */
		3CF6720B26249B6100AA5470 /* Project object */ = {
			isa = PBXProject;
			attributes = {
				LastSwiftUpdateCheck = 1240;
				LastUpgradeCheck = 1240;
				TargetAttributes = {
					3CF6721226249B6100AA5470 = {
						CreatedOnToolsVersion = 12.4;
					};
				};
			};
			buildConfigurationList = 3CF6720E26249B6100AA5470 /* Build configuration list for PBXProject "SceneKitViewTesting" */;
			compatibilityVersion = "Xcode 9.3";
			developmentRegion = en;
			hasScannedForEncodings = 0;
			knownRegions = (
				en,
				Base,
			);
			mainGroup = 3CF6720A26249B6100AA5470;
			productRefGroup = 3CF6721426249B6100AA5470 /* Products */;
			projectDirPath = "";
			projectRoot = "";
			targets = (
				3CF6721226249B6100AA5470 /* SceneKitViewTesting */,
			);
		};
/* End PBXProject section */

/* Begin PBXResourcesBuildPhase section */
		3CF6721126249B6100AA5470 /* Resources */ = {
			isa = PBXResourcesBuildPhase;
			buildActionMask = 2147483647;
			files = (
				3CF6722326249B6300AA5470 /* LaunchScreen.storyboard in Resources */,
				3CF6722026249B6300AA5470 /* Assets.xcassets in Resources */,
				3CF6721E26249B6100AA5470 /* Main.storyboard in Resources */,
			);
			runOnlyForDeploymentPostprocessing = 0;
		};
/* End PBXResourcesBuildPhase section */

/* Begin PBXSourcesBuildPhase section */
		3CF6720F26249B6100AA5470 /* Sources */ = {
			isa = PBXSourcesBuildPhase;
			buildActionMask = 2147483647;
			files = (
				3C40527C262777940088DCBE /* Walkthrough.swift in Sources */,
				3CB18F5D262A637F00670BEF /* Node.swift in Sources */,
				3C52090C2626615B0058F77A /* Hint.swift in Sources */,
				3CF6721B26249B6100AA5470 /* ViewController.swift in Sources */,
				3CF6721726249B6100AA5470 /* AppDelegate.swift in Sources */,
				3C7998602628AA6A0046B923 /* AngleWalkthrough.swift in Sources */,
				3C9A2D0E262540EE00D920A0 /* Sliders.swift in Sources */,
				3CB18F5A262A60B100670BEF /* Utilities.swift in Sources */,
				3CF6721926249B6100AA5470 /* SceneDelegate.swift in Sources */,
				3CA21EF92629146000664CFD /* InfoCard.swift in Sources */,
			);
			runOnlyForDeploymentPostprocessing = 0;
		};
/* End PBXSourcesBuildPhase section */

/* Begin PBXVariantGroup section */
		3CF6721C26249B6100AA5470 /* Main.storyboard */ = {
			isa = PBXVariantGroup;
			children = (
				3CF6721D26249B6100AA5470 /* Base */,
			);
			name = Main.storyboard;
			sourceTree = "<group>";
		};
		3CF6722126249B6300AA5470 /* LaunchScreen.storyboard */ = {
			isa = PBXVariantGroup;
			children = (
				3CF6722226249B6300AA5470 /* Base */,
			);
			name = LaunchScreen.storyboard;
			sourceTree = "<group>";
		};
/* End PBXVariantGroup section */

/* Begin XCBuildConfiguration section */
		3CF6722526249B6300AA5470 /* Debug */ = {
			isa = XCBuildConfiguration;
			buildSettings = {
				ALWAYS_SEARCH_USER_PATHS = NO;
				CLANG_ANALYZER_NONNULL = YES;
				CLANG_ANALYZER_NUMBER_OBJECT_CONVERSION = YES_AGGRESSIVE;
				CLANG_CXX_LANGUAGE_STANDARD = "gnu++14";
				CLANG_CXX_LIBRARY = "libc++";
				CLANG_ENABLE_MODULES = YES;
				CLANG_ENABLE_OBJC_ARC = YES;
				CLANG_ENABLE_OBJC_WEAK = YES;
				CLANG_WARN_BLOCK_CAPTURE_AUTORELEASING = YES;
				CLANG_WARN_BOOL_CONVERSION = YES;
				CLANG_WARN_COMMA = YES;
				CLANG_WARN_CONSTANT_CONVERSION = YES;
				CLANG_WARN_DEPRECATED_OBJC_IMPLEMENTATIONS = YES;
				CLANG_WARN_DIRECT_OBJC_ISA_USAGE = YES_ERROR;
				CLANG_WARN_DOCUMENTATION_COMMENTS = YES;
				CLANG_WARN_EMPTY_BODY = YES;
				CLANG_WARN_ENUM_CONVERSION = YES;
				CLANG_WARN_INFINITE_RECURSION = YES;
				CLANG_WARN_INT_CONVERSION = YES;
				CLANG_WARN_NON_LITERAL_NULL_CONVERSION = YES;
				CLANG_WARN_OBJC_IMPLICIT_RETAIN_SELF = YES;
				CLANG_WARN_OBJC_LITERAL_CONVERSION = YES;
				CLANG_WARN_OBJC_ROOT_CLASS = YES_ERROR;
				CLANG_WARN_QUOTED_INCLUDE_IN_FRAMEWORK_HEADER = YES;
				CLANG_WARN_RANGE_LOOP_ANALYSIS = YES;
				CLANG_WARN_STRICT_PROTOTYPES = YES;
				CLANG_WARN_SUSPICIOUS_MOVE = YES;
				CLANG_WARN_UNGUARDED_AVAILABILITY = YES_AGGRESSIVE;
				CLANG_WARN_UNREACHABLE_CODE = YES;
				CLANG_WARN__DUPLICATE_METHOD_MATCH = YES;
				COPY_PHASE_STRIP = NO;
				DEBUG_INFORMATION_FORMAT = dwarf;
				ENABLE_STRICT_OBJC_MSGSEND = YES;
				ENABLE_TESTABILITY = YES;
				GCC_C_LANGUAGE_STANDARD = gnu11;
				GCC_DYNAMIC_NO_PIC = NO;
				GCC_NO_COMMON_BLOCKS = YES;
				GCC_OPTIMIZATION_LEVEL = 0;
				GCC_PREPROCESSOR_DEFINITIONS = (
					"DEBUG=1",
					"$(inherited)",
				);
				GCC_WARN_64_TO_32_BIT_CONVERSION = YES;
				GCC_WARN_ABOUT_RETURN_TYPE = YES_ERROR;
				GCC_WARN_UNDECLARED_SELECTOR = YES;
				GCC_WARN_UNINITIALIZED_AUTOS = YES_AGGRESSIVE;
				GCC_WARN_UNUSED_FUNCTION = YES;
				GCC_WARN_UNUSED_VARIABLE = YES;
				IPHONEOS_DEPLOYMENT_TARGET = 14.4;
				MTL_ENABLE_DEBUG_INFO = INCLUDE_SOURCE;
				MTL_FAST_MATH = YES;
				ONLY_ACTIVE_ARCH = YES;
				SDKROOT = iphoneos;
				SWIFT_ACTIVE_COMPILATION_CONDITIONS = DEBUG;
				SWIFT_OPTIMIZATION_LEVEL = "-Onone";
			};
			name = Debug;
		};
		3CF6722626249B6300AA5470 /* Release */ = {
			isa = XCBuildConfiguration;
			buildSettings = {
				ALWAYS_SEARCH_USER_PATHS = NO;
				CLANG_ANALYZER_NONNULL = YES;
				CLANG_ANALYZER_NUMBER_OBJECT_CONVERSION = YES_AGGRESSIVE;
				CLANG_CXX_LANGUAGE_STANDARD = "gnu++14";
				CLANG_CXX_LIBRARY = "libc++";
				CLANG_ENABLE_MODULES = YES;
				CLANG_ENABLE_OBJC_ARC = YES;
				CLANG_ENABLE_OBJC_WEAK = YES;
				CLANG_WARN_BLOCK_CAPTURE_AUTORELEASING = YES;
				CLANG_WARN_BOOL_CONVERSION = YES;
				CLANG_WARN_COMMA = YES;
				CLANG_WARN_CONSTANT_CONVERSION = YES;
				CLANG_WARN_DEPRECATED_OBJC_IMPLEMENTATIONS = YES;
				CLANG_WARN_DIRECT_OBJC_ISA_USAGE = YES_ERROR;
				CLANG_WARN_DOCUMENTATION_COMMENTS = YES;
				CLANG_WARN_EMPTY_BODY = YES;
				CLANG_WARN_ENUM_CONVERSION = YES;
				CLANG_WARN_INFINITE_RECURSION = YES;
				CLANG_WARN_INT_CONVERSION = YES;
				CLANG_WARN_NON_LITERAL_NULL_CONVERSION = YES;
				CLANG_WARN_OBJC_IMPLICIT_RETAIN_SELF = YES;
				CLANG_WARN_OBJC_LITERAL_CONVERSION = YES;
				CLANG_WARN_OBJC_ROOT_CLASS = YES_ERROR;
				CLANG_WARN_QUOTED_INCLUDE_IN_FRAMEWORK_HEADER = YES;
				CLANG_WARN_RANGE_LOOP_ANALYSIS = YES;
				CLANG_WARN_STRICT_PROTOTYPES = YES;
				CLANG_WARN_SUSPICIOUS_MOVE = YES;
				CLANG_WARN_UNGUARDED_AVAILABILITY = YES_AGGRESSIVE;
				CLANG_WARN_UNREACHABLE_CODE = YES;
				CLANG_WARN__DUPLICATE_METHOD_MATCH = YES;
				COPY_PHASE_STRIP = NO;
				DEBUG_INFORMATION_FORMAT = "dwarf-with-dsym";
				ENABLE_NS_ASSERTIONS = NO;
				ENABLE_STRICT_OBJC_MSGSEND = YES;
				GCC_C_LANGUAGE_STANDARD = gnu11;
				GCC_NO_COMMON_BLOCKS = YES;
				GCC_WARN_64_TO_32_BIT_CONVERSION = YES;
				GCC_WARN_ABOUT_RETURN_TYPE = YES_ERROR;
				GCC_WARN_UNDECLARED_SELECTOR = YES;
				GCC_WARN_UNINITIALIZED_AUTOS = YES_AGGRESSIVE;
				GCC_WARN_UNUSED_FUNCTION = YES;
				GCC_WARN_UNUSED_VARIABLE = YES;
				IPHONEOS_DEPLOYMENT_TARGET = 14.4;
				MTL_ENABLE_DEBUG_INFO = NO;
				MTL_FAST_MATH = YES;
				SDKROOT = iphoneos;
				SWIFT_COMPILATION_MODE = wholemodule;
				SWIFT_OPTIMIZATION_LEVEL = "-O";
				VALIDATE_PRODUCT = YES;
			};
			name = Release;
		};
		3CF6722826249B6300AA5470 /* Debug */ = {
			isa = XCBuildConfiguration;
			buildSettings = {
				ASSETCATALOG_COMPILER_APPICON_NAME = AppIcon;
				ASSETCATALOG_COMPILER_GLOBAL_ACCENT_COLOR_NAME = AccentColor;
				CODE_SIGN_STYLE = Automatic;
				DEVELOPMENT_TEAM = YA533DMD5J;
				INFOPLIST_FILE = SceneKitViewTesting/Info.plist;
				IPHONEOS_DEPLOYMENT_TARGET = 14.1;
				LD_RUNPATH_SEARCH_PATHS = (
					"$(inherited)",
					"@executable_path/Frameworks",
				);
				PRODUCT_BUNDLE_IDENTIFIER = com.aheze.SceneKitViewTesting;
				PRODUCT_NAME = "$(TARGET_NAME)";
				SWIFT_VERSION = 5.0;
				TARGETED_DEVICE_FAMILY = "1,2";
			};
			name = Debug;
		};
		3CF6722926249B6300AA5470 /* Release */ = {
			isa = XCBuildConfiguration;
			buildSettings = {
				ASSETCATALOG_COMPILER_APPICON_NAME = AppIcon;
				ASSETCATALOG_COMPILER_GLOBAL_ACCENT_COLOR_NAME = AccentColor;
				CODE_SIGN_STYLE = Automatic;
				DEVELOPMENT_TEAM = YA533DMD5J;
				INFOPLIST_FILE = SceneKitViewTesting/Info.plist;
				IPHONEOS_DEPLOYMENT_TARGET = 14.1;
				LD_RUNPATH_SEARCH_PATHS = (
					"$(inherited)",
					"@executable_path/Frameworks",
				);
				PRODUCT_BUNDLE_IDENTIFIER = com.aheze.SceneKitViewTesting;
				PRODUCT_NAME = "$(TARGET_NAME)";
				SWIFT_VERSION = 5.0;
				TARGETED_DEVICE_FAMILY = "1,2";
			};
			name = Release;
		};
/* End XCBuildConfiguration section */

/* Begin XCConfigurationList section */
		3CF6720E26249B6100AA5470 /* Build configuration list for PBXProject "SceneKitViewTesting" */ = {
			isa = XCConfigurationList;
			buildConfigurations = (
				3CF6722526249B6300AA5470 /* Debug */,
				3CF6722626249B6300AA5470 /* Release */,
			);
			defaultConfigurationIsVisible = 0;
			defaultConfigurationName = Release;
		};
		3CF6722726249B6300AA5470 /* Build configuration list for PBXNativeTarget "SceneKitViewTesting" */ = {
			isa = XCConfigurationList;
			buildConfigurations = (
				3CF6722826249B6300AA5470 /* Debug */,
				3CF6722926249B6300AA5470 /* Release */,
			);
			defaultConfigurationIsVisible = 0;
			defaultConfigurationName = Release;
		};
/* End XCConfigurationList section */
	};
	rootObject = 3CF6720B26249B6100AA5470 /* Project object */;
}
